
Microsoft Visual Studio Solution File, Format Version 12.00
# Visual Studio Version 17
VisualStudioVersion = 17.0.31903.59
MinimumVisualStudioVersion = 10.0.40219.1
Project("{FAE04EC0-301F-11D3-BF4B-00C04F79EFBC}") = "WeatherApp.WebUI", "WeatherApp.WebUI\WeatherApp.WebUI.csproj", "{CAC8B290-3C3D-42B1-A31D-53C20B5145F5}"
EndProject
Project("{FAE04EC0-301F-11D3-BF4B-00C04F79EFBC}") = "WeatherApp.WebUI.Tests", "WeatherApp.WebUI.Tests\WeatherApp.WebUI.Tests.csproj", "{9F296335-1F15-4BD2-A235-EF728475D6DD}"
EndProject
Project("{FAE04EC0-301F-11D3-BF4B-00C04F79EFBC}") = "WeatherApp.WebAPI", "WeatherApp.WebAPI\WeatherApp.WebAPI.csproj", "{53276903-5793-4C7B-A426-00FD35670E5C}"
EndProject
Global
	GlobalSection(SolutionConfigurationPlatforms) = preSolution
		Debug|Any CPU = Debug|Any CPU
		Release|Any CPU = Release|Any CPU
	EndGlobalSection
	GlobalSection(SolutionProperties) = preSolution
		HideSolutionNode = FALSE
	EndGlobalSection
	GlobalSection(ProjectConfigurationPlatforms) = postSolution
		{CAC8B290-3C3D-42B1-A31D-53C20B5145F5}.Debug|Any CPU.ActiveCfg = Debug|Any CPU
		{CAC8B290-3C3D-42B1-A31D-53C20B5145F5}.Debug|Any CPU.Build.0 = Debug|Any CPU
		{CAC8B290-3C3D-42B1-A31D-53C20B5145F5}.Release|Any CPU.ActiveCfg = Release|Any CPU
		{CAC8B290-3C3D-42B1-A31D-53C20B5145F5}.Release|Any CPU.Build.0 = Release|Any CPU
		{9F296335-1F15-4BD2-A235-EF728475D6DD}.Debug|Any CPU.ActiveCfg = Debug|Any CPU
		{9F296335-1F15-4BD2-A235-EF728475D6DD}.Debug|Any CPU.Build.0 = Debug|Any CPU
		{9F296335-1F15-4BD2-A235-EF728475D6DD}.Release|Any CPU.ActiveCfg = Release|Any CPU
		{9F296335-1F15-4BD2-A235-EF728475D6DD}.Release|Any CPU.Build.0 = Release|Any CPU
		{53276903-5793-4C7B-A426-00FD35670E5C}.Debug|Any CPU.ActiveCfg = Debug|Any CPU
		{53276903-5793-4C7B-A426-00FD35670E5C}.Debug|Any CPU.Build.0 = Debug|Any CPU
		{53276903-5793-4C7B-A426-00FD35670E5C}.Release|Any CPU.ActiveCfg = Release|Any CPU
		{53276903-5793-4C7B-A426-00FD35670E5C}.Release|Any CPU.Build.0 = Release|Any CPU
	EndGlobalSection
EndGlobal
